// !$*UTF8*$!
{
	archiveVersion = 1;
	classes = {
	};
	objectVersion = 52;
	objects = {

/* Begin PBXBuildFile section */
		0852A6EA26DB6E0700144813 /* SDWebImageSwiftUI in Frameworks */ = {isa = PBXBuildFile; productRef = 0852A6E926DB6E0700144813 /* SDWebImageSwiftUI */; };
		0852A6EE26DB746300144813 /* Float+Extension.swift in Sources */ = {isa = PBXBuildFile; fileRef = 0852A6ED26DB746300144813 /* Float+Extension.swift */; };
		086648A726E36079000F7BF4 /* BrowseView.swift in Sources */ = {isa = PBXBuildFile; fileRef = 086648A626E36079000F7BF4 /* BrowseView.swift */; };
		086648AB26E360A6000F7BF4 /* SettingView.swift in Sources */ = {isa = PBXBuildFile; fileRef = 086648AA26E360A6000F7BF4 /* SettingView.swift */; };
		086648B426E397F6000F7BF4 /* GameResult.swift in Sources */ = {isa = PBXBuildFile; fileRef = 086648B326E397F6000F7BF4 /* GameResult.swift */; };
		086648B626E3981A000F7BF4 /* Game.swift in Sources */ = {isa = PBXBuildFile; fileRef = 086648B526E3981A000F7BF4 /* Game.swift */; };
		086648B826E39A02000F7BF4 /* GameViewModel.swift in Sources */ = {isa = PBXBuildFile; fileRef = 086648B726E39A02000F7BF4 /* GameViewModel.swift */; };
		086648BB26E39D0E000F7BF4 /* State+Enum.swift in Sources */ = {isa = PBXBuildFile; fileRef = 086648BA26E39D0E000F7BF4 /* State+Enum.swift */; };
		086648BF26E3A259000F7BF4 /* HomeView.swift in Sources */ = {isa = PBXBuildFile; fileRef = 086648BE26E3A259000F7BF4 /* HomeView.swift */; };
		086648C426E3A628000F7BF4 /* GameDetailView.swift in Sources */ = {isa = PBXBuildFile; fileRef = 086648C326E3A628000F7BF4 /* GameDetailView.swift */; };
		089F075A26D7423400C06EFD /* DicodingSubmissionApp.swift in Sources */ = {isa = PBXBuildFile; fileRef = 089F075926D7423400C06EFD /* DicodingSubmissionApp.swift */; };
		089F075E26D7423600C06EFD /* Assets.xcassets in Resources */ = {isa = PBXBuildFile; fileRef = 089F075D26D7423600C06EFD /* Assets.xcassets */; };
		089F076126D7423600C06EFD /* Preview Assets.xcassets in Resources */ = {isa = PBXBuildFile; fileRef = 089F076026D7423600C06EFD /* Preview Assets.xcassets */; };
/* End PBXBuildFile section */

/* Begin PBXFileReference section */
		0852A6ED26DB746300144813 /* Float+Extension.swift */ = {isa = PBXFileReference; lastKnownFileType = sourcecode.swift; path = "Float+Extension.swift"; sourceTree = "<group>"; };
		086648A626E36079000F7BF4 /* BrowseView.swift */ = {isa = PBXFileReference; lastKnownFileType = sourcecode.swift; path = BrowseView.swift; sourceTree = "<group>"; };
		086648AA26E360A6000F7BF4 /* SettingView.swift */ = {isa = PBXFileReference; lastKnownFileType = sourcecode.swift; path = SettingView.swift; sourceTree = "<group>"; };
		086648B326E397F6000F7BF4 /* GameResult.swift */ = {isa = PBXFileReference; lastKnownFileType = sourcecode.swift; path = GameResult.swift; sourceTree = "<group>"; };
		086648B526E3981A000F7BF4 /* Game.swift */ = {isa = PBXFileReference; lastKnownFileType = sourcecode.swift; path = Game.swift; sourceTree = "<group>"; };
		086648B726E39A02000F7BF4 /* GameViewModel.swift */ = {isa = PBXFileReference; lastKnownFileType = sourcecode.swift; path = GameViewModel.swift; sourceTree = "<group>"; };
		086648BA26E39D0E000F7BF4 /* State+Enum.swift */ = {isa = PBXFileReference; lastKnownFileType = sourcecode.swift; path = "State+Enum.swift"; sourceTree = "<group>"; };
		086648BE26E3A259000F7BF4 /* HomeView.swift */ = {isa = PBXFileReference; lastKnownFileType = sourcecode.swift; path = HomeView.swift; sourceTree = "<group>"; };
		086648C326E3A628000F7BF4 /* GameDetailView.swift */ = {isa = PBXFileReference; lastKnownFileType = sourcecode.swift; path = GameDetailView.swift; sourceTree = "<group>"; };
		089F075626D7423400C06EFD /* DicodingSubmission.app */ = {isa = PBXFileReference; explicitFileType = wrapper.application; includeInIndex = 0; path = DicodingSubmission.app; sourceTree = BUILT_PRODUCTS_DIR; };
		089F075926D7423400C06EFD /* DicodingSubmissionApp.swift */ = {isa = PBXFileReference; lastKnownFileType = sourcecode.swift; path = DicodingSubmissionApp.swift; sourceTree = "<group>"; };
		089F075D26D7423600C06EFD /* Assets.xcassets */ = {isa = PBXFileReference; lastKnownFileType = folder.assetcatalog; path = Assets.xcassets; sourceTree = "<group>"; };
		089F076026D7423600C06EFD /* Preview Assets.xcassets */ = {isa = PBXFileReference; lastKnownFileType = folder.assetcatalog; path = "Preview Assets.xcassets"; sourceTree = "<group>"; };
		089F076226D7423600C06EFD /* Info.plist */ = {isa = PBXFileReference; lastKnownFileType = text.plist.xml; path = Info.plist; sourceTree = "<group>"; };
/* End PBXFileReference section */

/* Begin PBXFrameworksBuildPhase section */
		089F075326D7423400C06EFD /* Frameworks */ = {
			isa = PBXFrameworksBuildPhase;
			buildActionMask = 2147483647;
			files = (
				0852A6EA26DB6E0700144813 /* SDWebImageSwiftUI in Frameworks */,
			);
			runOnlyForDeploymentPostprocessing = 0;
		};
/* End PBXFrameworksBuildPhase section */

/* Begin PBXGroup section */
		086648B926E39CFF000F7BF4 /* Enums */ = {
			isa = PBXGroup;
			children = (
				086648BA26E39D0E000F7BF4 /* State+Enum.swift */,
			);
			path = Enums;
			sourceTree = "<group>";
		};
		089F074D26D7423400C06EFD = {
			isa = PBXGroup;
			children = (
				089F075826D7423400C06EFD /* DicodingSubmission */,
				089F075726D7423400C06EFD /* Products */,
			);
			sourceTree = "<group>";
		};
		089F075726D7423400C06EFD /* Products */ = {
			isa = PBXGroup;
			children = (
				089F075626D7423400C06EFD /* DicodingSubmission.app */,
			);
			name = Products;
			sourceTree = "<group>";
		};
		089F075826D7423400C06EFD /* DicodingSubmission */ = {
			isa = PBXGroup;
			children = (
				086648B926E39CFF000F7BF4 /* Enums */,
				089F077226D77F0900C06EFD /* Extensions */,
				089F076826D7469700C06EFD /* Model */,
				089F076926D7469D00C06EFD /* View */,
				089F076A26D746C800C06EFD /* ViewModel */,
				089F075926D7423400C06EFD /* DicodingSubmissionApp.swift */,
				089F075D26D7423600C06EFD /* Assets.xcassets */,
				089F076226D7423600C06EFD /* Info.plist */,
				089F075F26D7423600C06EFD /* Preview Content */,
			);
			path = DicodingSubmission;
			sourceTree = "<group>";
		};
		089F075F26D7423600C06EFD /* Preview Content */ = {
			isa = PBXGroup;
			children = (
				089F076026D7423600C06EFD /* Preview Assets.xcassets */,
			);
			path = "Preview Content";
			sourceTree = "<group>";
		};
		089F076826D7469700C06EFD /* Model */ = {
			isa = PBXGroup;
			children = (
				086648B326E397F6000F7BF4 /* GameResult.swift */,
				086648B526E3981A000F7BF4 /* Game.swift */,
			);
			path = Model;
			sourceTree = "<group>";
		};
		089F076926D7469D00C06EFD /* View */ = {
			isa = PBXGroup;
			children = (
				086648A626E36079000F7BF4 /* BrowseView.swift */,
				086648AA26E360A6000F7BF4 /* SettingView.swift */,
				086648BE26E3A259000F7BF4 /* HomeView.swift */,
				086648C326E3A628000F7BF4 /* GameDetailView.swift */,
			);
			path = View;
			sourceTree = "<group>";
		};
		089F076A26D746C800C06EFD /* ViewModel */ = {
			isa = PBXGroup;
			children = (
				086648B726E39A02000F7BF4 /* GameViewModel.swift */,
			);
			path = ViewModel;
			sourceTree = "<group>";
		};
		089F077226D77F0900C06EFD /* Extensions */ = {
			isa = PBXGroup;
			children = (
				0852A6ED26DB746300144813 /* Float+Extension.swift */,
			);
			path = Extensions;
			sourceTree = "<group>";
		};
/* End PBXGroup section */

/* Begin PBXNativeTarget section */
		089F075526D7423400C06EFD /* DicodingSubmission */ = {
			isa = PBXNativeTarget;
			buildConfigurationList = 089F076526D7423600C06EFD /* Build configuration list for PBXNativeTarget "DicodingSubmission" */;
			buildPhases = (
				089F075226D7423400C06EFD /* Sources */,
				089F075326D7423400C06EFD /* Frameworks */,
				089F075426D7423400C06EFD /* Resources */,
			);
			buildRules = (
			);
			dependencies = (
			);
			name = DicodingSubmission;
			packageProductDependencies = (
				0852A6E926DB6E0700144813 /* SDWebImageSwiftUI */,
			);
			productName = DicodingSubmission;
			productReference = 089F075626D7423400C06EFD /* DicodingSubmission.app */;
			productType = "com.apple.product-type.application";
		};
/* End PBXNativeTarget section */

/* Begin PBXProject section */
		089F074E26D7423400C06EFD /* Project object */ = {
			isa = PBXProject;
			attributes = {
				LastSwiftUpdateCheck = 1250;
				LastUpgradeCheck = 1250;
				TargetAttributes = {
					089F075526D7423400C06EFD = {
						CreatedOnToolsVersion = 12.5.1;
					};
				};
			};
			buildConfigurationList = 089F075126D7423400C06EFD /* Build configuration list for PBXProject "DicodingSubmission" */;
			compatibilityVersion = "Xcode 9.3";
			developmentRegion = en;
			hasScannedForEncodings = 0;
			knownRegions = (
				en,
				Base,
			);
			mainGroup = 089F074D26D7423400C06EFD;
			packageReferences = (
				0852A6E826DB6E0700144813 /* XCRemoteSwiftPackageReference "SDWebImageSwiftUI" */,
			);
			productRefGroup = 089F075726D7423400C06EFD /* Products */;
			projectDirPath = "";
			projectRoot = "";
			targets = (
				089F075526D7423400C06EFD /* DicodingSubmission */,
			);
		};
/* End PBXProject section */

/* Begin PBXResourcesBuildPhase section */
		089F075426D7423400C06EFD /* Resources */ = {
			isa = PBXResourcesBuildPhase;
			buildActionMask = 2147483647;
			files = (
				089F076126D7423600C06EFD /* Preview Assets.xcassets in Resources */,
				089F075E26D7423600C06EFD /* Assets.xcassets in Resources */,
			);
			runOnlyForDeploymentPostprocessing = 0;
		};
/* End PBXResourcesBuildPhase section */

/* Begin PBXSourcesBuildPhase section */
		089F075226D7423400C06EFD /* Sources */ = {
			isa = PBXSourcesBuildPhase;
			buildActionMask = 2147483647;
			files = (
				086648BF26E3A259000F7BF4 /* HomeView.swift in Sources */,
				086648BB26E39D0E000F7BF4 /* State+Enum.swift in Sources */,
				086648AB26E360A6000F7BF4 /* SettingView.swift in Sources */,
				086648C426E3A628000F7BF4 /* GameDetailView.swift in Sources */,
				086648B626E3981A000F7BF4 /* Game.swift in Sources */,
				086648B426E397F6000F7BF4 /* GameResult.swift in Sources */,
				086648B826E39A02000F7BF4 /* GameViewModel.swift in Sources */,
				089F075A26D7423400C06EFD /* DicodingSubmissionApp.swift in Sources */,
				086648A726E36079000F7BF4 /* BrowseView.swift in Sources */,
				0852A6EE26DB746300144813 /* Float+Extension.swift in Sources */,
			);
			runOnlyForDeploymentPostprocessing = 0;
		};
/* End PBXSourcesBuildPhase section */

/* Begin XCBuildConfiguration section */
		089F076326D7423600C06EFD /* Debug */ = {
			isa = XCBuildConfiguration;
			buildSettings = {
				ALWAYS_SEARCH_USER_PATHS = NO;
				CLANG_ANALYZER_NONNULL = YES;
				CLANG_ANALYZER_NUMBER_OBJECT_CONVERSION = YES_AGGRESSIVE;
				CLANG_CXX_LANGUAGE_STANDARD = "gnu++14";
				CLANG_CXX_LIBRARY = "libc++";
				CLANG_ENABLE_MODULES = YES;
				CLANG_ENABLE_OBJC_ARC = YES;
				CLANG_ENABLE_OBJC_WEAK = YES;
				CLANG_WARN_BLOCK_CAPTURE_AUTORELEASING = YES;
				CLANG_WARN_BOOL_CONVERSION = YES;
				CLANG_WARN_COMMA = YES;
				CLANG_WARN_CONSTANT_CONVERSION = YES;
				CLANG_WARN_DEPRECATED_OBJC_IMPLEMENTATIONS = YES;
				CLANG_WARN_DIRECT_OBJC_ISA_USAGE = YES_ERROR;
				CLANG_WARN_DOCUMENTATION_COMMENTS = YES;
				CLANG_WARN_EMPTY_BODY = YES;
				CLANG_WARN_ENUM_CONVERSION = YES;
				CLANG_WARN_INFINITE_RECURSION = YES;
				CLANG_WARN_INT_CONVERSION = YES;
				CLANG_WARN_NON_LITERAL_NULL_CONVERSION = YES;
				CLANG_WARN_OBJC_IMPLICIT_RETAIN_SELF = YES;
				CLANG_WARN_OBJC_LITERAL_CONVERSION = YES;
				CLANG_WARN_OBJC_ROOT_CLASS = YES_ERROR;
				CLANG_WARN_QUOTED_INCLUDE_IN_FRAMEWORK_HEADER = YES;
				CLANG_WARN_RANGE_LOOP_ANALYSIS = YES;
				CLANG_WARN_STRICT_PROTOTYPES = YES;
				CLANG_WARN_SUSPICIOUS_MOVE = YES;
				CLANG_WARN_UNGUARDED_AVAILABILITY = YES_AGGRESSIVE;
				CLANG_WARN_UNREACHABLE_CODE = YES;
				CLANG_WARN__DUPLICATE_METHOD_MATCH = YES;
				COPY_PHASE_STRIP = NO;
				DEBUG_INFORMATION_FORMAT = dwarf;
				ENABLE_STRICT_OBJC_MSGSEND = YES;
				ENABLE_TESTABILITY = YES;
				GCC_C_LANGUAGE_STANDARD = gnu11;
				GCC_DYNAMIC_NO_PIC = NO;
				GCC_NO_COMMON_BLOCKS = YES;
				GCC_OPTIMIZATION_LEVEL = 0;
				GCC_PREPROCESSOR_DEFINITIONS = (
					"DEBUG=1",
					"$(inherited)",
				);
				GCC_WARN_64_TO_32_BIT_CONVERSION = YES;
				GCC_WARN_ABOUT_RETURN_TYPE = YES_ERROR;
				GCC_WARN_UNDECLARED_SELECTOR = YES;
				GCC_WARN_UNINITIALIZED_AUTOS = YES_AGGRESSIVE;
				GCC_WARN_UNUSED_FUNCTION = YES;
				GCC_WARN_UNUSED_VARIABLE = YES;
				IPHONEOS_DEPLOYMENT_TARGET = 14.5;
				MTL_ENABLE_DEBUG_INFO = INCLUDE_SOURCE;
				MTL_FAST_MATH = YES;
				ONLY_ACTIVE_ARCH = YES;
				SDKROOT = iphoneos;
				SWIFT_ACTIVE_COMPILATION_CONDITIONS = DEBUG;
				SWIFT_OPTIMIZATION_LEVEL = "-Onone";
			};
			name = Debug;
		};
		089F076426D7423600C06EFD /* Release */ = {
			isa = XCBuildConfiguration;
			buildSettings = {
				ALWAYS_SEARCH_USER_PATHS = NO;
				CLANG_ANALYZER_NONNULL = YES;
				CLANG_ANALYZER_NUMBER_OBJECT_CONVERSION = YES_AGGRESSIVE;
				CLANG_CXX_LANGUAGE_STANDARD = "gnu++14";
				CLANG_CXX_LIBRARY = "libc++";
				CLANG_ENABLE_MODULES = YES;
				CLANG_ENABLE_OBJC_ARC = YES;
				CLANG_ENABLE_OBJC_WEAK = YES;
				CLANG_WARN_BLOCK_CAPTURE_AUTORELEASING = YES;
				CLANG_WARN_BOOL_CONVERSION = YES;
				CLANG_WARN_COMMA = YES;
				CLANG_WARN_CONSTANT_CONVERSION = YES;
				CLANG_WARN_DEPRECATED_OBJC_IMPLEMENTATIONS = YES;
				CLANG_WARN_DIRECT_OBJC_ISA_USAGE = YES_ERROR;
				CLANG_WARN_DOCUMENTATION_COMMENTS = YES;
				CLANG_WARN_EMPTY_BODY = YES;
				CLANG_WARN_ENUM_CONVERSION = YES;
				CLANG_WARN_INFINITE_RECURSION = YES;
				CLANG_WARN_INT_CONVERSION = YES;
				CLANG_WARN_NON_LITERAL_NULL_CONVERSION = YES;
				CLANG_WARN_OBJC_IMPLICIT_RETAIN_SELF = YES;
				CLANG_WARN_OBJC_LITERAL_CONVERSION = YES;
				CLANG_WARN_OBJC_ROOT_CLASS = YES_ERROR;
				CLANG_WARN_QUOTED_INCLUDE_IN_FRAMEWORK_HEADER = YES;
				CLANG_WARN_RANGE_LOOP_ANALYSIS = YES;
				CLANG_WARN_STRICT_PROTOTYPES = YES;
				CLANG_WARN_SUSPICIOUS_MOVE = YES;
				CLANG_WARN_UNGUARDED_AVAILABILITY = YES_AGGRESSIVE;
				CLANG_WARN_UNREACHABLE_CODE = YES;
				CLANG_WARN__DUPLICATE_METHOD_MATCH = YES;
				COPY_PHASE_STRIP = NO;
				DEBUG_INFORMATION_FORMAT = "dwarf-with-dsym";
				ENABLE_NS_ASSERTIONS = NO;
				ENABLE_STRICT_OBJC_MSGSEND = YES;
				GCC_C_LANGUAGE_STANDARD = gnu11;
				GCC_NO_COMMON_BLOCKS = YES;
				GCC_WARN_64_TO_32_BIT_CONVERSION = YES;
				GCC_WARN_ABOUT_RETURN_TYPE = YES_ERROR;
				GCC_WARN_UNDECLARED_SELECTOR = YES;
				GCC_WARN_UNINITIALIZED_AUTOS = YES_AGGRESSIVE;
				GCC_WARN_UNUSED_FUNCTION = YES;
				GCC_WARN_UNUSED_VARIABLE = YES;
				IPHONEOS_DEPLOYMENT_TARGET = 14.5;
				MTL_ENABLE_DEBUG_INFO = NO;
				MTL_FAST_MATH = YES;
				SDKROOT = iphoneos;
				SWIFT_COMPILATION_MODE = wholemodule;
				SWIFT_OPTIMIZATION_LEVEL = "-O";
				VALIDATE_PRODUCT = YES;
			};
			name = Release;
		};
		089F076626D7423600C06EFD /* Debug */ = {
			isa = XCBuildConfiguration;
			buildSettings = {
				ASSETCATALOG_COMPILER_APPICON_NAME = AppIcon;
				ASSETCATALOG_COMPILER_GLOBAL_ACCENT_COLOR_NAME = AccentColor;
				CODE_SIGN_STYLE = Automatic;
				DEVELOPMENT_ASSET_PATHS = "\"DicodingSubmission/Preview Content\"";
				DEVELOPMENT_TEAM = N5QHVBVDCK;
				ENABLE_PREVIEWS = YES;
				INFOPLIST_FILE = DicodingSubmission/Info.plist;
				IPHONEOS_DEPLOYMENT_TARGET = 14.0;
				LD_RUNPATH_SEARCH_PATHS = (
					"$(inherited)",
					"@executable_path/Frameworks",
				);
				PRODUCT_BUNDLE_IDENTIFIER = io.aziyan99.DicodingSubmission;
				PRODUCT_NAME = "$(TARGET_NAME)";
				SWIFT_VERSION = 5.0;
				TARGETED_DEVICE_FAMILY = "1,2";
			};
			name = Debug;
		};
		089F076726D7423600C06EFD /* Release */ = {
			isa = XCBuildConfiguration;
			buildSettings = {
				ASSETCATALOG_COMPILER_APPICON_NAME = AppIcon;
				ASSETCATALOG_COMPILER_GLOBAL_ACCENT_COLOR_NAME = AccentColor;
				CODE_SIGN_STYLE = Automatic;
				DEVELOPMENT_ASSET_PATHS = "\"DicodingSubmission/Preview Content\"";
				DEVELOPMENT_TEAM = N5QHVBVDCK;
				ENABLE_PREVIEWS = YES;
				INFOPLIST_FILE = DicodingSubmission/Info.plist;
				IPHONEOS_DEPLOYMENT_TARGET = 14.0;
				LD_RUNPATH_SEARCH_PATHS = (
					"$(inherited)",
					"@executable_path/Frameworks",
				);
				PRODUCT_BUNDLE_IDENTIFIER = io.aziyan99.DicodingSubmission;
				PRODUCT_NAME = "$(TARGET_NAME)";
				SWIFT_VERSION = 5.0;
				TARGETED_DEVICE_FAMILY = "1,2";
			};
			name = Release;
		};
/* End XCBuildConfiguration section */

/* Begin XCConfigurationList section */
		089F075126D7423400C06EFD /* Build configuration list for PBXProject "DicodingSubmission" */ = {
			isa = XCConfigurationList;
			buildConfigurations = (
				089F076326D7423600C06EFD /* Debug */,
				089F076426D7423600C06EFD /* Release */,
			);
			defaultConfigurationIsVisible = 0;
			defaultConfigurationName = Release;
		};
		089F076526D7423600C06EFD /* Build configuration list for PBXNativeTarget "DicodingSubmission" */ = {
			isa = XCConfigurationList;
			buildConfigurations = (
				089F076626D7423600C06EFD /* Debug */,
				089F076726D7423600C06EFD /* Release */,
			);
			defaultConfigurationIsVisible = 0;
			defaultConfigurationName = Release;
		};
/* End XCConfigurationList section */

/* Begin XCRemoteSwiftPackageReference section */
		0852A6E826DB6E0700144813 /* XCRemoteSwiftPackageReference "SDWebImageSwiftUI" */ = {
			isa = XCRemoteSwiftPackageReference;
			repositoryURL = "https://github.com/SDWebImage/SDWebImageSwiftUI";
			requirement = {
				kind = upToNextMajorVersion;
				minimumVersion = 2.0.2;
			};
		};
/* End XCRemoteSwiftPackageReference section */

/* Begin XCSwiftPackageProductDependency section */
		0852A6E926DB6E0700144813 /* SDWebImageSwiftUI */ = {
			isa = XCSwiftPackageProductDependency;
			package = 0852A6E826DB6E0700144813 /* XCRemoteSwiftPackageReference "SDWebImageSwiftUI" */;
			productName = SDWebImageSwiftUI;
		};
/* End XCSwiftPackageProductDependency section */
	};
	rootObject = 089F074E26D7423400C06EFD /* Project object */;
}
